
Microsoft Visual Studio Solution File, Format Version 12.00
# Visual Studio 15
VisualStudioVersion = 15.0.28307.1433
MinimumVisualStudioVersion = 10.0.40219.1
Project("{FAE04EC0-301F-11D3-BF4B-00C04F79EFBC}") = "3.C sharp One Variable", "3.C sharp One Variable\3.C sharp One Variable.csproj", "{8CAE4611-7DE4-4ADE-B86A-37F57762BC0E}"
EndProject
Global
	GlobalSection(SolutionConfigurationPlatforms) = preSolution
		Debug|Any CPU = Debug|Any CPU
		Release|Any CPU = Release|Any CPU
	EndGlobalSection
	GlobalSection(ProjectConfigurationPlatforms) = postSolution
		{8CAE4611-7DE4-4ADE-B86A-37F57762BC0E}.Debug|Any CPU.ActiveCfg = Debug|Any CPU
		{8CAE4611-7DE4-4ADE-B86A-37F57762BC0E}.Debug|Any CPU.Build.0 = Debug|Any CPU
		{8CAE4611-7DE4-4ADE-B86A-37F57762BC0E}.Release|Any CPU.ActiveCfg = Release|Any CPU
		{8CAE4611-7DE4-4ADE-B86A-37F57762BC0E}.Release|Any CPU.Build.0 = Release|Any CPU
	EndGlobalSection
	GlobalSection(SolutionProperties) = preSolution
		HideSolutionNode = FALSE
	EndGlobalSection
	GlobalSection(ExtensibilityGlobals) = postSolution
		SolutionGuid = {39E05BA3-7667-4008-8E19-5AA66DB9CCF1}
	EndGlobalSection
EndGlobal
